{
  "version": "5",
  "specifiers": {
    "npm:preact-render-to-string@6": "6.6.6_preact@10.28.4",
    "npm:preact@10": "10.28.4"
  },
  "npm": {
    "preact-render-to-string@6.6.6_preact@10.28.4": {
      "integrity": "sha512-EfqZJytnjJldV+YaaqhthU2oXsEf5e+6rDv957p+zxAvNfFLQOPfvBOTncscQ+akzu6Wrl7s3Pa0LjUQmWJsGQ==",
      "dependencies": [
        "preact"
      ]
    },
    "preact@10.28.4": {
      "integrity": "sha512-uKFfOHWuSNpRFVTnljsCluEFq57OKT+0QdOiQo8XWnQ/pSvg7OpX5eNOejELXJMWy+BwM2nobz0FkvzmnpCNsQ=="
    }
  },
  "workspace": {
    "dependencies": [
      "npm:preact-render-to-string@6",
      "npm:preact@10"
    ]
  }
}
